
Microsoft Visual Studio Solution File, Format Version 12.00
# Visual Studio Version 16
VisualStudioVersion = 16.0.32510.428
MinimumVisualStudioVersion = 10.0.40219.1
Project("{2150E333-8FDC-42A3-9474-1A3956D46DE8}") = "Internal", "Internal", "{94C9F6D3-723C-4CAB-9715-0560AFE51D78}"
EndProject
Project("{2150E333-8FDC-42A3-9474-1A3956D46DE8}") = "Scripts", "Scripts", "{B3F0C596-1B9D-4475-ACEF-7AD954455753}"
EndProject
Project("{2150E333-8FDC-42A3-9474-1A3956D46DE8}") = "Dlls", "Dlls", "{DE977004-7ACB-491F-99D2-A99CA8AECEEB}"
	ProjectSection(SolutionItems) = preProject
		Dlls\readme.txt = Dlls\readme.txt
	EndProjectSection
EndProject
Project("{2150E333-8FDC-42A3-9474-1A3956D46DE8}") = "Documentation", "Documentation", "{3F281A60-40F4-4775-8B3B-5E0BD3CA6939}"
	ProjectSection(SolutionItems) = preProject
		Documentation\readme.txt = Documentation\readme.txt
	EndProjectSection
EndProject
Project("{2150E333-8FDC-42A3-9474-1A3956D46DE8}") = "Code Analysis", "Code Analysis", "{A2058682-EB3C-4D77-99D0-86B2F17C2F8B}"
	ProjectSection(SolutionItems) = preProject
		Internal\Code Analysis\qaction-debug.ruleset = Internal\Code Analysis\qaction-debug.ruleset
		Internal\Code Analysis\qaction-release.ruleset = Internal\Code Analysis\qaction-release.ruleset
	EndProjectSection
EndProject
Project("{2150E333-8FDC-42A3-9474-1A3956D46DE8}") = "Rename Column", "Rename Column", "{B358B3D8-2463-43FE-9230-0F4FC6771861}"
	ProjectSection(SolutionItems) = preProject
		Rename Column.xml = Rename Column.xml
	EndProjectSection
EndProject
Project("{2150E333-8FDC-42A3-9474-1A3956D46DE8}") = "Actions", "Actions", "{D6142A32-3391-4818-9704-F142D208D148}"
EndProject
Project("{FAE04EC0-301F-11D3-BF4B-00C04F79EFBC}") = "Rename Column_2", "Rename Column_2\Rename Column_2.csproj", "{474B1BF7-73AF-4A40-AE05-EFE4A4FA81CD}"
EndProject
Global
	GlobalSection(SolutionConfigurationPlatforms) = preSolution
		Debug|Any CPU = Debug|Any CPU
		Release|Any CPU = Release|Any CPU
	EndGlobalSection
	GlobalSection(ProjectConfigurationPlatforms) = postSolution
		{474B1BF7-73AF-4A40-AE05-EFE4A4FA81CD}.Debug|Any CPU.ActiveCfg = Debug|Any CPU
		{474B1BF7-73AF-4A40-AE05-EFE4A4FA81CD}.Debug|Any CPU.Build.0 = Debug|Any CPU
		{474B1BF7-73AF-4A40-AE05-EFE4A4FA81CD}.Release|Any CPU.ActiveCfg = Release|Any CPU
		{474B1BF7-73AF-4A40-AE05-EFE4A4FA81CD}.Release|Any CPU.Build.0 = Release|Any CPU
	EndGlobalSection
	GlobalSection(SolutionProperties) = preSolution
		HideSolutionNode = FALSE
	EndGlobalSection
	GlobalSection(NestedProjects) = preSolution
		{A2058682-EB3C-4D77-99D0-86B2F17C2F8B} = {94C9F6D3-723C-4CAB-9715-0560AFE51D78}
		{B358B3D8-2463-43FE-9230-0F4FC6771861} = {B3F0C596-1B9D-4475-ACEF-7AD954455753}
		{D6142A32-3391-4818-9704-F142D208D148} = {B358B3D8-2463-43FE-9230-0F4FC6771861}
		{474B1BF7-73AF-4A40-AE05-EFE4A4FA81CD} = {D6142A32-3391-4818-9704-F142D208D148}
	EndGlobalSection
	GlobalSection(ExtensibilityGlobals) = postSolution
		SolutionGuid = {B956911A-2303-465E-BF36-28C025F064D3}
	EndGlobalSection
EndGlobal
